// !$*UTF8*$!
{
	archiveVersion = 1;
	classes = {
	};
	objectVersion = 46;
	objects = {

/* Begin PBXBuildFile section */
		BF1F194119569ED100B0F1D6 /* Foundation.framework in Frameworks */ = {isa = PBXBuildFile; fileRef = BF1F194019569ED100B0F1D6 /* Foundation.framework */; };
		BF1F194319569ED100B0F1D6 /* CoreGraphics.framework in Frameworks */ = {isa = PBXBuildFile; fileRef = BF1F194219569ED100B0F1D6 /* CoreGraphics.framework */; };
		BF1F194519569ED100B0F1D6 /* UIKit.framework in Frameworks */ = {isa = PBXBuildFile; fileRef = BF1F194419569ED100B0F1D6 /* UIKit.framework */; };
		BF1F194B19569ED100B0F1D6 /* InfoPlist.strings in Resources */ = {isa = PBXBuildFile; fileRef = BF1F194919569ED100B0F1D6 /* InfoPlist.strings */; };
		BF1F194D19569ED100B0F1D6 /* main.m in Sources */ = {isa = PBXBuildFile; fileRef = BF1F194C19569ED100B0F1D6 /* main.m */; };
		BF1F195119569ED100B0F1D6 /* AppDelegate.m in Sources */ = {isa = PBXBuildFile; fileRef = BF1F195019569ED100B0F1D6 /* AppDelegate.m */; };
		BF1F195319569ED100B0F1D6 /* Images.xcassets in Resources */ = {isa = PBXBuildFile; fileRef = BF1F195219569ED100B0F1D6 /* Images.xcassets */; };
		BF1F195A19569ED100B0F1D6 /* XCTest.framework in Frameworks */ = {isa = PBXBuildFile; fileRef = BF1F195919569ED100B0F1D6 /* XCTest.framework */; };
		BF1F195B19569ED100B0F1D6 /* Foundation.framework in Frameworks */ = {isa = PBXBuildFile; fileRef = BF1F194019569ED100B0F1D6 /* Foundation.framework */; };
		BF1F195C19569ED100B0F1D6 /* UIKit.framework in Frameworks */ = {isa = PBXBuildFile; fileRef = BF1F194419569ED100B0F1D6 /* UIKit.framework */; };
		BF1F196419569ED100B0F1D6 /* InfoPlist.strings in Resources */ = {isa = PBXBuildFile; fileRef = BF1F196219569ED100B0F1D6 /* InfoPlist.strings */; };
		BF1F196619569ED100B0F1D6 /* Week_Two_HomeworkTests.m in Sources */ = {isa = PBXBuildFile; fileRef = BF1F196519569ED100B0F1D6 /* Week_Two_HomeworkTests.m */; };
/* End PBXBuildFile section */

/* Begin PBXContainerItemProxy section */
		BF1F195D19569ED100B0F1D6 /* PBXContainerItemProxy */ = {
			isa = PBXContainerItemProxy;
			containerPortal = BF1F193519569ED100B0F1D6 /* Project object */;
			proxyType = 1;
			remoteGlobalIDString = BF1F193C19569ED100B0F1D6;
			remoteInfo = "Week Two Homework";
		};
/* End PBXContainerItemProxy section */

/* Begin PBXFileReference section */
		BF1F193D19569ED100B0F1D6 /* Week Two Homework.app */ = {isa = PBXFileReference; explicitFileType = wrapper.application; includeInIndex = 0; path = "Week Two Homework.app"; sourceTree = BUILT_PRODUCTS_DIR; };
		BF1F194019569ED100B0F1D6 /* Foundation.framework */ = {isa = PBXFileReference; lastKnownFileType = wrapper.framework; name = Foundation.framework; path = System/Library/Frameworks/Foundation.framework; sourceTree = SDKROOT; };
		BF1F194219569ED100B0F1D6 /* CoreGraphics.framework */ = {isa = PBXFileReference; lastKnownFileType = wrapper.framework; name = CoreGraphics.framework; path = System/Library/Frameworks/CoreGraphics.framework; sourceTree = SDKROOT; };
		BF1F194419569ED100B0F1D6 /* UIKit.framework */ = {isa = PBXFileReference; lastKnownFileType = wrapper.framework; name = UIKit.framework; path = System/Library/Frameworks/UIKit.framework; sourceTree = SDKROOT; };
		BF1F194819569ED100B0F1D6 /* Week Two Homework-Info.plist */ = {isa = PBXFileReference; lastKnownFileType = text.plist.xml; path = "Week Two Homework-Info.plist"; sourceTree = "<group>"; };
		BF1F194A19569ED100B0F1D6 /* en */ = {isa = PBXFileReference; lastKnownFileType = text.plist.strings; name = en; path = en.lproj/InfoPlist.strings; sourceTree = "<group>"; };
		BF1F194C19569ED100B0F1D6 /* main.m */ = {isa = PBXFileReference; lastKnownFileType = sourcecode.c.objc; path = main.m; sourceTree = "<group>"; };
		BF1F194E19569ED100B0F1D6 /* Week Two Homework-Prefix.pch */ = {isa = PBXFileReference; lastKnownFileType = sourcecode.c.h; path = "Week Two Homework-Prefix.pch"; sourceTree = "<group>"; };
		BF1F194F19569ED100B0F1D6 /* AppDelegate.h */ = {isa = PBXFileReference; lastKnownFileType = sourcecode.c.h; path = AppDelegate.h; sourceTree = "<group>"; };
		BF1F195019569ED100B0F1D6 /* AppDelegate.m */ = {isa = PBXFileReference; lastKnownFileType = sourcecode.c.objc; path = AppDelegate.m; sourceTree = "<group>"; };
		BF1F195219569ED100B0F1D6 /* Images.xcassets */ = {isa = PBXFileReference; lastKnownFileType = folder.assetcatalog; path = Images.xcassets; sourceTree = "<group>"; };
		BF1F195819569ED100B0F1D6 /* Week Two HomeworkTests.xctest */ = {isa = PBXFileReference; explicitFileType = wrapper.cfbundle; includeInIndex = 0; path = "Week Two HomeworkTests.xctest"; sourceTree = BUILT_PRODUCTS_DIR; };
		BF1F195919569ED100B0F1D6 /* XCTest.framework */ = {isa = PBXFileReference; lastKnownFileType = wrapper.framework; name = XCTest.framework; path = Library/Frameworks/XCTest.framework; sourceTree = DEVELOPER_DIR; };
		BF1F196119569ED100B0F1D6 /* Week Two HomeworkTests-Info.plist */ = {isa = PBXFileReference; lastKnownFileType = text.plist.xml; path = "Week Two HomeworkTests-Info.plist"; sourceTree = "<group>"; };
		BF1F196319569ED100B0F1D6 /* en */ = {isa = PBXFileReference; lastKnownFileType = text.plist.strings; name = en; path = en.lproj/InfoPlist.strings; sourceTree = "<group>"; };
		BF1F196519569ED100B0F1D6 /* Week_Two_HomeworkTests.m */ = {isa = PBXFileReference; lastKnownFileType = sourcecode.c.objc; path = Week_Two_HomeworkTests.m; sourceTree = "<group>"; };
/* End PBXFileReference section */

/* Begin PBXFrameworksBuildPhase section */
		BF1F193A19569ED100B0F1D6 /* Frameworks */ = {
			isa = PBXFrameworksBuildPhase;
			buildActionMask = 2147483647;
			files = (
				BF1F194319569ED100B0F1D6 /* CoreGraphics.framework in Frameworks */,
				BF1F194519569ED100B0F1D6 /* UIKit.framework in Frameworks */,
				BF1F194119569ED100B0F1D6 /* Foundation.framework in Frameworks */,
			);
			runOnlyForDeploymentPostprocessing = 0;
		};
		BF1F195519569ED100B0F1D6 /* Frameworks */ = {
			isa = PBXFrameworksBuildPhase;
			buildActionMask = 2147483647;
			files = (
				BF1F195A19569ED100B0F1D6 /* XCTest.framework in Frameworks */,
				BF1F195C19569ED100B0F1D6 /* UIKit.framework in Frameworks */,
				BF1F195B19569ED100B0F1D6 /* Foundation.framework in Frameworks */,
			);
			runOnlyForDeploymentPostprocessing = 0;
		};
/* End PBXFrameworksBuildPhase section */

/* Begin PBXGroup section */
		BF1F193419569ED100B0F1D6 = {
			isa = PBXGroup;
			children = (
				BF1F194619569ED100B0F1D6 /* Week Two Homework */,
				BF1F195F19569ED100B0F1D6 /* Week Two HomeworkTests */,
				BF1F193F19569ED100B0F1D6 /* Frameworks */,
				BF1F193E19569ED100B0F1D6 /* Products */,
			);
			sourceTree = "<group>";
		};
		BF1F193E19569ED100B0F1D6 /* Products */ = {
			isa = PBXGroup;
			children = (
				BF1F193D19569ED100B0F1D6 /* Week Two Homework.app */,
				BF1F195819569ED100B0F1D6 /* Week Two HomeworkTests.xctest */,
			);
			name = Products;
			sourceTree = "<group>";
		};
		BF1F193F19569ED100B0F1D6 /* Frameworks */ = {
			isa = PBXGroup;
			children = (
				BF1F194019569ED100B0F1D6 /* Foundation.framework */,
				BF1F194219569ED100B0F1D6 /* CoreGraphics.framework */,
				BF1F194419569ED100B0F1D6 /* UIKit.framework */,
				BF1F195919569ED100B0F1D6 /* XCTest.framework */,
			);
			name = Frameworks;
			sourceTree = "<group>";
		};
		BF1F194619569ED100B0F1D6 /* Week Two Homework */ = {
			isa = PBXGroup;
			children = (
				BF1F194F19569ED100B0F1D6 /* AppDelegate.h */,
				BF1F195019569ED100B0F1D6 /* AppDelegate.m */,
				BF1F195219569ED100B0F1D6 /* Images.xcassets */,
				BF1F194719569ED100B0F1D6 /* Supporting Files */,
			);
			path = "Week Two Homework";
			sourceTree = "<group>";
		};
		BF1F194719569ED100B0F1D6 /* Supporting Files */ = {
			isa = PBXGroup;
			children = (
				BF1F194819569ED100B0F1D6 /* Week Two Homework-Info.plist */,
				BF1F194919569ED100B0F1D6 /* InfoPlist.strings */,
				BF1F194C19569ED100B0F1D6 /* main.m */,
				BF1F194E19569ED100B0F1D6 /* Week Two Homework-Prefix.pch */,
			);
			name = "Supporting Files";
			sourceTree = "<group>";
		};
		BF1F195F19569ED100B0F1D6 /* Week Two HomeworkTests */ = {
			isa = PBXGroup;
			children = (
				BF1F196519569ED100B0F1D6 /* Week_Two_HomeworkTests.m */,
				BF1F196019569ED100B0F1D6 /* Supporting Files */,
			);
			path = "Week Two HomeworkTests";
			sourceTree = "<group>";
		};
		BF1F196019569ED100B0F1D6 /* Supporting Files */ = {
			isa = PBXGroup;
			children = (
				BF1F196119569ED100B0F1D6 /* Week Two HomeworkTests-Info.plist */,
				BF1F196219569ED100B0F1D6 /* InfoPlist.strings */,
			);
			name = "Supporting Files";
			sourceTree = "<group>";
		};
/* End PBXGroup section */

/* Begin PBXNativeTarget section */
		BF1F193C19569ED100B0F1D6 /* Week Two Homework */ = {
			isa = PBXNativeTarget;
			buildConfigurationList = BF1F196919569ED100B0F1D6 /* Build configuration list for PBXNativeTarget "Week Two Homework" */;
			buildPhases = (
				BF1F193919569ED100B0F1D6 /* Sources */,
				BF1F193A19569ED100B0F1D6 /* Frameworks */,
				BF1F193B19569ED100B0F1D6 /* Resources */,
			);
			buildRules = (
			);
			dependencies = (
			);
			name = "Week Two Homework";
			productName = "Week Two Homework";
			productReference = BF1F193D19569ED100B0F1D6 /* Week Two Homework.app */;
			productType = "com.apple.product-type.application";
		};
		BF1F195719569ED100B0F1D6 /* Week Two HomeworkTests */ = {
			isa = PBXNativeTarget;
			buildConfigurationList = BF1F196C19569ED100B0F1D6 /* Build configuration list for PBXNativeTarget "Week Two HomeworkTests" */;
			buildPhases = (
				BF1F195419569ED100B0F1D6 /* Sources */,
				BF1F195519569ED100B0F1D6 /* Frameworks */,
				BF1F195619569ED100B0F1D6 /* Resources */,
			);
			buildRules = (
			);
			dependencies = (
				BF1F195E19569ED100B0F1D6 /* PBXTargetDependency */,
			);
			name = "Week Two HomeworkTests";
			productName = "Week Two HomeworkTests";
			productReference = BF1F195819569ED100B0F1D6 /* Week Two HomeworkTests.xctest */;
			productType = "com.apple.product-type.bundle.unit-test";
		};
/* End PBXNativeTarget section */

/* Begin PBXProject section */
		BF1F193519569ED100B0F1D6 /* Project object */ = {
			isa = PBXProject;
			attributes = {
				LastUpgradeCheck = 0510;
				ORGANIZATIONNAME = "Tim Collins";
				TargetAttributes = {
					BF1F195719569ED100B0F1D6 = {
						TestTargetID = BF1F193C19569ED100B0F1D6;
					};
				};
			};
			buildConfigurationList = BF1F193819569ED100B0F1D6 /* Build configuration list for PBXProject "Week Two Homework" */;
			compatibilityVersion = "Xcode 3.2";
			developmentRegion = English;
			hasScannedForEncodings = 0;
			knownRegions = (
				en,
			);
			mainGroup = BF1F193419569ED100B0F1D6;
			productRefGroup = BF1F193E19569ED100B0F1D6 /* Products */;
			projectDirPath = "";
			projectRoot = "";
			targets = (
				BF1F193C19569ED100B0F1D6 /* Week Two Homework */,
				BF1F195719569ED100B0F1D6 /* Week Two HomeworkTests */,
			);
		};
/* End PBXProject section */

/* Begin PBXResourcesBuildPhase section */
		BF1F193B19569ED100B0F1D6 /* Resources */ = {
			isa = PBXResourcesBuildPhase;
			buildActionMask = 2147483647;
			files = (
				BF1F194B19569ED100B0F1D6 /* InfoPlist.strings in Resources */,
				BF1F195319569ED100B0F1D6 /* Images.xcassets in Resources */,
			);
			runOnlyForDeploymentPostprocessing = 0;
		};
		BF1F195619569ED100B0F1D6 /* Resources */ = {
			isa = PBXResourcesBuildPhase;
			buildActionMask = 2147483647;
			files = (
				BF1F196419569ED100B0F1D6 /* InfoPlist.strings in Resources */,
			);
			runOnlyForDeploymentPostprocessing = 0;
		};
/* End PBXResourcesBuildPhase section */

/* Begin PBXSourcesBuildPhase section */
		BF1F193919569ED100B0F1D6 /* Sources */ = {
			isa = PBXSourcesBuildPhase;
			buildActionMask = 2147483647;
			files = (
				BF1F195119569ED100B0F1D6 /* AppDelegate.m in Sources */,
				BF1F194D19569ED100B0F1D6 /* main.m in Sources */,
			);
			runOnlyForDeploymentPostprocessing = 0;
		};
		BF1F195419569ED100B0F1D6 /* Sources */ = {
			isa = PBXSourcesBuildPhase;
			buildActionMask = 2147483647;
			files = (
				BF1F196619569ED100B0F1D6 /* Week_Two_HomeworkTests.m in Sources */,
			);
			runOnlyForDeploymentPostprocessing = 0;
		};
/* End PBXSourcesBuildPhase section */

/* Begin PBXTargetDependency section */
		BF1F195E19569ED100B0F1D6 /* PBXTargetDependency */ = {
			isa = PBXTargetDependency;
			target = BF1F193C19569ED100B0F1D6 /* Week Two Homework */;
			targetProxy = BF1F195D19569ED100B0F1D6 /* PBXContainerItemProxy */;
		};
/* End PBXTargetDependency section */

/* Begin PBXVariantGroup section */
		BF1F194919569ED100B0F1D6 /* InfoPlist.strings */ = {
			isa = PBXVariantGroup;
			children = (
				BF1F194A19569ED100B0F1D6 /* en */,
			);
			name = InfoPlist.strings;
			sourceTree = "<group>";
		};
		BF1F196219569ED100B0F1D6 /* InfoPlist.strings */ = {
			isa = PBXVariantGroup;
			children = (
				BF1F196319569ED100B0F1D6 /* en */,
			);
			name = InfoPlist.strings;
			sourceTree = "<group>";
		};
/* End PBXVariantGroup section */

/* Begin XCBuildConfiguration section */
		BF1F196719569ED100B0F1D6 /* Debug */ = {
			isa = XCBuildConfiguration;
			buildSettings = {
				ALWAYS_SEARCH_USER_PATHS = NO;
				CLANG_CXX_LANGUAGE_STANDARD = "gnu++0x";
				CLANG_CXX_LIBRARY = "libc++";
				CLANG_ENABLE_MODULES = YES;
				CLANG_ENABLE_OBJC_ARC = YES;
				CLANG_WARN_BOOL_CONVERSION = YES;
				CLANG_WARN_CONSTANT_CONVERSION = YES;
				CLANG_WARN_DIRECT_OBJC_ISA_USAGE = YES_ERROR;
				CLANG_WARN_EMPTY_BODY = YES;
				CLANG_WARN_ENUM_CONVERSION = YES;
				CLANG_WARN_INT_CONVERSION = YES;
				CLANG_WARN_OBJC_ROOT_CLASS = YES_ERROR;
				CLANG_WARN__DUPLICATE_METHOD_MATCH = YES;
				"CODE_SIGN_IDENTITY[sdk=iphoneos*]" = "iPhone Developer";
				COPY_PHASE_STRIP = NO;
				GCC_C_LANGUAGE_STANDARD = gnu99;
				GCC_DYNAMIC_NO_PIC = NO;
				GCC_OPTIMIZATION_LEVEL = 0;
				GCC_PREPROCESSOR_DEFINITIONS = (
					"DEBUG=1",
					"$(inherited)",
				);
				GCC_SYMBOLS_PRIVATE_EXTERN = NO;
				GCC_WARN_64_TO_32_BIT_CONVERSION = YES;
				GCC_WARN_ABOUT_RETURN_TYPE = YES_ERROR;
				GCC_WARN_UNDECLARED_SELECTOR = YES;
				GCC_WARN_UNINITIALIZED_AUTOS = YES_AGGRESSIVE;
				GCC_WARN_UNUSED_FUNCTION = YES;
				GCC_WARN_UNUSED_VARIABLE = YES;
				IPHONEOS_DEPLOYMENT_TARGET = 7.1;
				ONLY_ACTIVE_ARCH = YES;
				SDKROOT = iphoneos;
			};
			name = Debug;
		};
		BF1F196819569ED100B0F1D6 /* Release */ = {
			isa = XCBuildConfiguration;
			buildSettings = {
				ALWAYS_SEARCH_USER_PATHS = NO;
				CLANG_CXX_LANGUAGE_STANDARD = "gnu++0x";
				CLANG_CXX_LIBRARY = "libc++";
				CLANG_ENABLE_MODULES = YES;
				CLANG_ENABLE_OBJC_ARC = YES;
				CLANG_WARN_BOOL_CONVERSION = YES;
				CLANG_WARN_CONSTANT_CONVERSION = YES;
				CLANG_WARN_DIRECT_OBJC_ISA_USAGE = YES_ERROR;
				CLANG_WARN_EMPTY_BODY = YES;
				CLANG_WARN_ENUM_CONVERSION = YES;
				CLANG_WARN_INT_CONVERSION = YES;
				CLANG_WARN_OBJC_ROOT_CLASS = YES_ERROR;
				CLANG_WARN__DUPLICATE_METHOD_MATCH = YES;
				"CODE_SIGN_IDENTITY[sdk=iphoneos*]" = "iPhone Developer";
				COPY_PHASE_STRIP = YES;
				ENABLE_NS_ASSERTIONS = NO;
				GCC_C_LANGUAGE_STANDARD = gnu99;
				GCC_WARN_64_TO_32_BIT_CONVERSION = YES;
				GCC_WARN_ABOUT_RETURN_TYPE = YES_ERROR;
				GCC_WARN_UNDECLARED_SELECTOR = YES;
				GCC_WARN_UNINITIALIZED_AUTOS = YES_AGGRESSIVE;
				GCC_WARN_UNUSED_FUNCTION = YES;
				GCC_WARN_UNUSED_VARIABLE = YES;
				IPHONEOS_DEPLOYMENT_TARGET = 7.1;
				SDKROOT = iphoneos;
				VALIDATE_PRODUCT = YES;
			};
			name = Release;
		};
		BF1F196A19569ED100B0F1D6 /* Debug */ = {
			isa = XCBuildConfiguration;
			buildSettings = {
				ASSETCATALOG_COMPILER_APPICON_NAME = AppIcon;
				ASSETCATALOG_COMPILER_LAUNCHIMAGE_NAME = LaunchImage;
				GCC_PRECOMPILE_PREFIX_HEADER = YES;
				GCC_PREFIX_HEADER = "Week Two Homework/Week Two Homework-Prefix.pch";
				INFOPLIST_FILE = "Week Two Homework/Week Two Homework-Info.plist";
				PRODUCT_NAME = "$(TARGET_NAME)";
				WRAPPER_EXTENSION = app;
			};
			name = Debug;
		};
		BF1F196B19569ED100B0F1D6 /* Release */ = {
			isa = XCBuildConfiguration;
			buildSettings = {
				ASSETCATALOG_COMPILER_APPICON_NAME = AppIcon;
				ASSETCATALOG_COMPILER_LAUNCHIMAGE_NAME = LaunchImage;
				GCC_PRECOMPILE_PREFIX_HEADER = YES;
				GCC_PREFIX_HEADER = "Week Two Homework/Week Two Homework-Prefix.pch";
				INFOPLIST_FILE = "Week Two Homework/Week Two Homework-Info.plist";
				PRODUCT_NAME = "$(TARGET_NAME)";
				WRAPPER_EXTENSION = app;
			};
			name = Release;
		};
		BF1F196D19569ED100B0F1D6 /* Debug */ = {
			isa = XCBuildConfiguration;
			buildSettings = {
				BUNDLE_LOADER = "$(BUILT_PRODUCTS_DIR)/Week Two Homework.app/Week Two Homework";
				FRAMEWORK_SEARCH_PATHS = (
					"$(SDKROOT)/Developer/Library/Frameworks",
					"$(inherited)",
					"$(DEVELOPER_FRAMEWORKS_DIR)",
				);
				GCC_PRECOMPILE_PREFIX_HEADER = YES;
				GCC_PREFIX_HEADER = "Week Two Homework/Week Two Homework-Prefix.pch";
				GCC_PREPROCESSOR_DEFINITIONS = (
					"DEBUG=1",
					"$(inherited)",
				);
				INFOPLIST_FILE = "Week Two HomeworkTests/Week Two HomeworkTests-Info.plist";
				PRODUCT_NAME = "$(TARGET_NAME)";
				TEST_HOST = "$(BUNDLE_LOADER)";
				WRAPPER_EXTENSION = xctest;
			};
			name = Debug;
		};
		BF1F196E19569ED100B0F1D6 /* Release */ = {
			isa = XCBuildConfiguration;
			buildSettings = {
				BUNDLE_LOADER = "$(BUILT_PRODUCTS_DIR)/Week Two Homework.app/Week Two Homework";
				FRAMEWORK_SEARCH_PATHS = (
					"$(SDKROOT)/Developer/Library/Frameworks",
					"$(inherited)",
					"$(DEVELOPER_FRAMEWORKS_DIR)",
				);
				GCC_PRECOMPILE_PREFIX_HEADER = YES;
				GCC_PREFIX_HEADER = "Week Two Homework/Week Two Homework-Prefix.pch";
				INFOPLIST_FILE = "Week Two HomeworkTests/Week Two HomeworkTests-Info.plist";
				PRODUCT_NAME = "$(TARGET_NAME)";
				TEST_HOST = "$(BUNDLE_LOADER)";
				WRAPPER_EXTENSION = xctest;
			};
			name = Release;
		};
/* End XCBuildConfiguration section */

/* Begin XCConfigurationList section */
		BF1F193819569ED100B0F1D6 /* Build configuration list for PBXProject "Week Two Homework" */ = {
			isa = XCConfigurationList;
			buildConfigurations = (
				BF1F196719569ED100B0F1D6 /* Debug */,
				BF1F196819569ED100B0F1D6 /* Release */,
			);
			defaultConfigurationIsVisible = 0;
			defaultConfigurationName = Release;
		};
		BF1F196919569ED100B0F1D6 /* Build configuration list for PBXNativeTarget "Week Two Homework" */ = {
			isa = XCConfigurationList;
			buildConfigurations = (
				BF1F196A19569ED100B0F1D6 /* Debug */,
				BF1F196B19569ED100B0F1D6 /* Release */,
			);
			defaultConfigurationIsVisible = 0;
		};
		BF1F196C19569ED100B0F1D6 /* Build configuration list for PBXNativeTarget "Week Two HomeworkTests" */ = {
			isa = XCConfigurationList;
			buildConfigurations = (
				BF1F196D19569ED100B0F1D6 /* Debug */,
				BF1F196E19569ED100B0F1D6 /* Release */,
			);
			defaultConfigurationIsVisible = 0;
		};
/* End XCConfigurationList section */
	};
	rootObject = BF1F193519569ED100B0F1D6 /* Project object */;
}
